// !$*UTF8*$!
{
	archiveVersion = 1;
	classes = {
	};
	objectVersion = 48;
	objects = {

/* Begin PBXBuildFile section */
		37A70153201F1CFD00134DEC /* AppDelegate.swift in Sources */ = {isa = PBXBuildFile; fileRef = 37A70152201F1CFD00134DEC /* AppDelegate.swift */; };
		37A70155201F1CFD00134DEC /* ViewController.swift in Sources */ = {isa = PBXBuildFile; fileRef = 37A70154201F1CFD00134DEC /* ViewController.swift */; };
		37A70157201F1CFD00134DEC /* Assets.xcassets in Resources */ = {isa = PBXBuildFile; fileRef = 37A70156201F1CFD00134DEC /* Assets.xcassets */; };
		37A7015A201F1CFD00134DEC /* Main.storyboard in Resources */ = {isa = PBXBuildFile; fileRef = 37A70158201F1CFD00134DEC /* Main.storyboard */; };
		37A70163201F26BC00134DEC /* WindowController.swift in Sources */ = {isa = PBXBuildFile; fileRef = 37A70162201F26BC00134DEC /* WindowController.swift */; };
/* End PBXBuildFile section */

/* Begin PBXFileReference section */
		37A7014F201F1CFD00134DEC /* KOREMITE.app */ = {isa = PBXFileReference; explicitFileType = wrapper.application; includeInIndex = 0; path = KOREMITE.app; sourceTree = BUILT_PRODUCTS_DIR; };
		37A70152201F1CFD00134DEC /* AppDelegate.swift */ = {isa = PBXFileReference; lastKnownFileType = sourcecode.swift; path = AppDelegate.swift; sourceTree = "<group>"; };
		37A70154201F1CFD00134DEC /* ViewController.swift */ = {isa = PBXFileReference; lastKnownFileType = sourcecode.swift; path = ViewController.swift; sourceTree = "<group>"; };
		37A70156201F1CFD00134DEC /* Assets.xcassets */ = {isa = PBXFileReference; lastKnownFileType = folder.assetcatalog; path = Assets.xcassets; sourceTree = "<group>"; };
		37A70159201F1CFD00134DEC /* Base */ = {isa = PBXFileReference; lastKnownFileType = file.storyboard; name = Base; path = Base.lproj/Main.storyboard; sourceTree = "<group>"; };
		37A7015B201F1CFD00134DEC /* Info.plist */ = {isa = PBXFileReference; lastKnownFileType = text.plist.xml; path = Info.plist; sourceTree = "<group>"; };
		37A7015C201F1CFD00134DEC /* UeShita.entitlements */ = {isa = PBXFileReference; lastKnownFileType = text.plist.entitlements; path = UeShita.entitlements; sourceTree = "<group>"; };
		37A70162201F26BC00134DEC /* WindowController.swift */ = {isa = PBXFileReference; lastKnownFileType = sourcecode.swift; path = WindowController.swift; sourceTree = "<group>"; };
/* End PBXFileReference section */

/* Begin PBXFrameworksBuildPhase section */
		37A7014C201F1CFD00134DEC /* Frameworks */ = {
			isa = PBXFrameworksBuildPhase;
			buildActionMask = 2147483647;
			files = (
			);
			runOnlyForDeploymentPostprocessing = 0;
		};
/* End PBXFrameworksBuildPhase section */

/* Begin PBXGroup section */
		37A70146201F1CFD00134DEC = {
			isa = PBXGroup;
			children = (
				37A70151201F1CFD00134DEC /* UeShita */,
				37A70150201F1CFD00134DEC /* Products */,
			);
			sourceTree = "<group>";
		};
		37A70150201F1CFD00134DEC /* Products */ = {
			isa = PBXGroup;
			children = (
				37A7014F201F1CFD00134DEC /* KOREMITE.app */,
			);
			name = Products;
			sourceTree = "<group>";
		};
		37A70151201F1CFD00134DEC /* UeShita */ = {
			isa = PBXGroup;
			children = (
				37A70152201F1CFD00134DEC /* AppDelegate.swift */,
				37A70162201F26BC00134DEC /* WindowController.swift */,
				37A70154201F1CFD00134DEC /* ViewController.swift */,
				37A70156201F1CFD00134DEC /* Assets.xcassets */,
				37A70158201F1CFD00134DEC /* Main.storyboard */,
				37A7015B201F1CFD00134DEC /* Info.plist */,
				37A7015C201F1CFD00134DEC /* UeShita.entitlements */,
			);
			path = UeShita;
			sourceTree = "<group>";
		};
/* End PBXGroup section */

/* Begin PBXNativeTarget section */
		37A7014E201F1CFD00134DEC /* KOREMITE */ = {
			isa = PBXNativeTarget;
			buildConfigurationList = 37A7015F201F1CFD00134DEC /* Build configuration list for PBXNativeTarget "KOREMITE" */;
			buildPhases = (
				37A7014B201F1CFD00134DEC /* Sources */,
				37A7014C201F1CFD00134DEC /* Frameworks */,
				37A7014D201F1CFD00134DEC /* Resources */,
			);
			buildRules = (
			);
			dependencies = (
			);
			name = KOREMITE;
			productName = UeShita;
			productReference = 37A7014F201F1CFD00134DEC /* KOREMITE.app */;
			productType = "com.apple.product-type.application";
		};
/* End PBXNativeTarget section */

/* Begin PBXProject section */
		37A70147201F1CFD00134DEC /* Project object */ = {
			isa = PBXProject;
			attributes = {
				LastSwiftUpdateCheck = 0920;
				LastUpgradeCheck = 0920;
				ORGANIZATIONNAME = "村上晋太郎";
				TargetAttributes = {
					37A7014E201F1CFD00134DEC = {
						CreatedOnToolsVersion = 9.2;
						ProvisioningStyle = Automatic;
					};
				};
			};
			buildConfigurationList = 37A7014A201F1CFD00134DEC /* Build configuration list for PBXProject "KOREMITE" */;
			compatibilityVersion = "Xcode 8.0";
			developmentRegion = en;
			hasScannedForEncodings = 0;
			knownRegions = (
				en,
				Base,
			);
			mainGroup = 37A70146201F1CFD00134DEC;
			productRefGroup = 37A70150201F1CFD00134DEC /* Products */;
			projectDirPath = "";
			projectRoot = "";
			targets = (
				37A7014E201F1CFD00134DEC /* KOREMITE */,
			);
		};
/* End PBXProject section */

/* Begin PBXResourcesBuildPhase section */
		37A7014D201F1CFD00134DEC /* Resources */ = {
			isa = PBXResourcesBuildPhase;
			buildActionMask = 2147483647;
			files = (
				37A70157201F1CFD00134DEC /* Assets.xcassets in Resources */,
				37A7015A201F1CFD00134DEC /* Main.storyboard in Resources */,
			);
			runOnlyForDeploymentPostprocessing = 0;
		};
/* End PBXResourcesBuildPhase section */

/* Begin PBXSourcesBuildPhase section */
		37A7014B201F1CFD00134DEC /* Sources */ = {
			isa = PBXSourcesBuildPhase;
			buildActionMask = 2147483647;
			files = (
				37A70155201F1CFD00134DEC /* ViewController.swift in Sources */,
				37A70163201F26BC00134DEC /* WindowController.swift in Sources */,
				37A70153201F1CFD00134DEC /* AppDelegate.swift in Sources */,
			);
			runOnlyForDeploymentPostprocessing = 0;
		};
/* End PBXSourcesBuildPhase section */

/* Begin PBXVariantGroup section */
		37A70158201F1CFD00134DEC /* Main.storyboard */ = {
			isa = PBXVariantGroup;
			children = (
				37A70159201F1CFD00134DEC /* Base */,
			);
			name = Main.storyboard;
			sourceTree = "<group>";
		};
/* End PBXVariantGroup section */

/* Begin XCBuildConfiguration section */
		37A7015D201F1CFD00134DEC /* Debug */ = {
			isa = XCBuildConfiguration;
			buildSettings = {
				ALWAYS_SEARCH_USER_PATHS = NO;
				CLANG_ANALYZER_NONNULL = YES;
				CLANG_ANALYZER_NUMBER_OBJECT_CONVERSION = YES_AGGRESSIVE;
				CLANG_CXX_LANGUAGE_STANDARD = "gnu++14";
				CLANG_CXX_LIBRARY = "libc++";
				CLANG_ENABLE_MODULES = YES;
				CLANG_ENABLE_OBJC_ARC = YES;
				CLANG_WARN_BLOCK_CAPTURE_AUTORELEASING = YES;
				CLANG_WARN_BOOL_CONVERSION = YES;
				CLANG_WARN_COMMA = YES;
				CLANG_WARN_CONSTANT_CONVERSION = YES;
				CLANG_WARN_DIRECT_OBJC_ISA_USAGE = YES_ERROR;
				CLANG_WARN_DOCUMENTATION_COMMENTS = YES;
				CLANG_WARN_EMPTY_BODY = YES;
				CLANG_WARN_ENUM_CONVERSION = YES;
				CLANG_WARN_INFINITE_RECURSION = YES;
				CLANG_WARN_INT_CONVERSION = YES;
				CLANG_WARN_NON_LITERAL_NULL_CONVERSION = YES;
				CLANG_WARN_OBJC_LITERAL_CONVERSION = YES;
				CLANG_WARN_OBJC_ROOT_CLASS = YES_ERROR;
				CLANG_WARN_RANGE_LOOP_ANALYSIS = YES;
				CLANG_WARN_STRICT_PROTOTYPES = YES;
				CLANG_WARN_SUSPICIOUS_MOVE = YES;
				CLANG_WARN_UNGUARDED_AVAILABILITY = YES_AGGRESSIVE;
				CLANG_WARN_UNREACHABLE_CODE = YES;
				CLANG_WARN__DUPLICATE_METHOD_MATCH = YES;
				CODE_SIGN_IDENTITY = "Mac Developer";
				COPY_PHASE_STRIP = NO;
				DEBUG_INFORMATION_FORMAT = dwarf;
				ENABLE_STRICT_OBJC_MSGSEND = YES;
				ENABLE_TESTABILITY = YES;
				GCC_C_LANGUAGE_STANDARD = gnu11;
				GCC_DYNAMIC_NO_PIC = NO;
				GCC_NO_COMMON_BLOCKS = YES;
				GCC_OPTIMIZATION_LEVEL = 0;
				GCC_PREPROCESSOR_DEFINITIONS = (
					"DEBUG=1",
					"$(inherited)",
				);
				GCC_WARN_64_TO_32_BIT_CONVERSION = YES;
				GCC_WARN_ABOUT_RETURN_TYPE = YES_ERROR;
				GCC_WARN_UNDECLARED_SELECTOR = YES;
				GCC_WARN_UNINITIALIZED_AUTOS = YES_AGGRESSIVE;
				GCC_WARN_UNUSED_FUNCTION = YES;
				GCC_WARN_UNUSED_VARIABLE = YES;
				MACOSX_DEPLOYMENT_TARGET = 10.10;
				MTL_ENABLE_DEBUG_INFO = YES;
				ONLY_ACTIVE_ARCH = YES;
				SDKROOT = macosx;
				SWIFT_ACTIVE_COMPILATION_CONDITIONS = DEBUG;
				SWIFT_OPTIMIZATION_LEVEL = "-Onone";
			};
			name = Debug;
		};
		37A7015E201F1CFD00134DEC /* Release */ = {
			isa = XCBuildConfiguration;
			buildSettings = {
				ALWAYS_SEARCH_USER_PATHS = NO;
				CLANG_ANALYZER_NONNULL = YES;
				CLANG_ANALYZER_NUMBER_OBJECT_CONVERSION = YES_AGGRESSIVE;
				CLANG_CXX_LANGUAGE_STANDARD = "gnu++14";
				CLANG_CXX_LIBRARY = "libc++";
				CLANG_ENABLE_MODULES = YES;
				CLANG_ENABLE_OBJC_ARC = YES;
				CLANG_WARN_BLOCK_CAPTURE_AUTORELEASING = YES;
				CLANG_WARN_BOOL_CONVERSION = YES;
				CLANG_WARN_COMMA = YES;
				CLANG_WARN_CONSTANT_CONVERSION = YES;
				CLANG_WARN_DIRECT_OBJC_ISA_USAGE = YES_ERROR;
				CLANG_WARN_DOCUMENTATION_COMMENTS = YES;
				CLANG_WARN_EMPTY_BODY = YES;
				CLANG_WARN_ENUM_CONVERSION = YES;
				CLANG_WARN_INFINITE_RECURSION = YES;
				CLANG_WARN_INT_CONVERSION = YES;
				CLANG_WARN_NON_LITERAL_NULL_CONVERSION = YES;
				CLANG_WARN_OBJC_LITERAL_CONVERSION = YES;
				CLANG_WARN_OBJC_ROOT_CLASS = YES_ERROR;
				CLANG_WARN_RANGE_LOOP_ANALYSIS = YES;
				CLANG_WARN_STRICT_PROTOTYPES = YES;
				CLANG_WARN_SUSPICIOUS_MOVE = YES;
				CLANG_WARN_UNGUARDED_AVAILABILITY = YES_AGGRESSIVE;
				CLANG_WARN_UNREACHABLE_CODE = YES;
				CLANG_WARN__DUPLICATE_METHOD_MATCH = YES;
				CODE_SIGN_IDENTITY = "Mac Developer";
				COPY_PHASE_STRIP = NO;
				DEBUG_INFORMATION_FORMAT = "dwarf-with-dsym";
				ENABLE_NS_ASSERTIONS = NO;
				ENABLE_STRICT_OBJC_MSGSEND = YES;
				GCC_C_LANGUAGE_STANDARD = gnu11;
				GCC_NO_COMMON_BLOCKS = YES;
				GCC_WARN_64_TO_32_BIT_CONVERSION = YES;
				GCC_WARN_ABOUT_RETURN_TYPE = YES_ERROR;
				GCC_WARN_UNDECLARED_SELECTOR = YES;
				GCC_WARN_UNINITIALIZED_AUTOS = YES_AGGRESSIVE;
				GCC_WARN_UNUSED_FUNCTION = YES;
				GCC_WARN_UNUSED_VARIABLE = YES;
				MACOSX_DEPLOYMENT_TARGET = 10.10;
				MTL_ENABLE_DEBUG_INFO = NO;
				SDKROOT = macosx;
				SWIFT_OPTIMIZATION_LEVEL = "-Owholemodule";
			};
			name = Release;
		};
		37A70160201F1CFD00134DEC /* Debug */ = {
			isa = XCBuildConfiguration;
			buildSettings = {
				ASSETCATALOG_COMPILER_APPICON_NAME = AppIcon;
				CODE_SIGN_ENTITLEMENTS = UeShita/UeShita.entitlements;
				CODE_SIGN_STYLE = Automatic;
				COMBINE_HIDPI_IMAGES = YES;
				DEVELOPMENT_TEAM = G7SR6JMJ25;
				INFOPLIST_FILE = UeShita/Info.plist;
				LD_RUNPATH_SEARCH_PATHS = "$(inherited) @executable_path/../Frameworks";
				PRODUCT_BUNDLE_IDENTIFIER = edu.self.KOREMITE;
				PRODUCT_NAME = "$(TARGET_NAME)";
				SWIFT_VERSION = 4.0;
			};
			name = Debug;
		};
		37A70161201F1CFD00134DEC /* Release */ = {
			isa = XCBuildConfiguration;
			buildSettings = {
				ASSETCATALOG_COMPILER_APPICON_NAME = AppIcon;
				CODE_SIGN_ENTITLEMENTS = UeShita/UeShita.entitlements;
				CODE_SIGN_STYLE = Automatic;
				COMBINE_HIDPI_IMAGES = YES;
				DEVELOPMENT_TEAM = G7SR6JMJ25;
				INFOPLIST_FILE = UeShita/Info.plist;
				LD_RUNPATH_SEARCH_PATHS = "$(inherited) @executable_path/../Frameworks";
				PRODUCT_BUNDLE_IDENTIFIER = edu.self.KOREMITE;
				PRODUCT_NAME = "$(TARGET_NAME)";
				SWIFT_VERSION = 4.0;
			};
			name = Release;
		};
/* End XCBuildConfiguration section */

/* Begin XCConfigurationList section */
		37A7014A201F1CFD00134DEC /* Build configuration list for PBXProject "KOREMITE" */ = {
			isa = XCConfigurationList;
			buildConfigurations = (
				37A7015D201F1CFD00134DEC /* Debug */,
				37A7015E201F1CFD00134DEC /* Release */,
			);
			defaultConfigurationIsVisible = 0;
			defaultConfigurationName = Release;
		};
		37A7015F201F1CFD00134DEC /* Build configuration list for PBXNativeTarget "KOREMITE" */ = {
			isa = XCConfigurationList;
			buildConfigurations = (
				37A70160201F1CFD00134DEC /* Debug */,
				37A70161201F1CFD00134DEC /* Release */,
			);
			defaultConfigurationIsVisible = 0;
			defaultConfigurationName = Release;
		};
/* End XCConfigurationList section */
	};
	rootObject = 37A70147201F1CFD00134DEC /* Project object */;
}
